
Microsoft Visual Studio Solution File, Format Version 12.00
# Visual Studio Version 17
VisualStudioVersion = 17.0.32014.148
MinimumVisualStudioVersion = 10.0.40219.1
Project("{9A19103F-16F7-4668-BE54-9A1E7A4F7556}") = "FIP.App", "src\FIP.App\FIP.App\FIP.App.csproj", "{2FECFB3A-DA6E-4C0D-A3AD-DFAC9D673BBC}"
EndProject
Project("{C7167F0D-BC9F-4E6E-AFE1-012C56B48DB5}") = "FIP.App (Package)", "src\FIP.App\FIP.App (Package)\FIP.App (Package).wapproj", "{A96C7535-FB23-472C-AB4D-7CA2B52B8043}"
EndProject
Project("{9A19103F-16F7-4668-BE54-9A1E7A4F7556}") = "FIP.Shared", "src\FIP.Shared\FIP.Shared.csproj", "{8F264FBF-EA5A-4B25-A509-6CA7D27D05EC}"
EndProject
Project("{2150E333-8FDC-42A3-9474-1A3956D46DE8}") = "src", "src", "{53A0D425-5651-460A-803E-C6EA7EE9E492}"
EndProject
Project("{2150E333-8FDC-42A3-9474-1A3956D46DE8}") = "Platforms", "Platforms", "{00DB88A8-94D5-4DC5-AB2D-83026491F721}"
EndProject
Project("{2150E333-8FDC-42A3-9474-1A3956D46DE8}") = "tests", "tests", "{7DDFBA48-A063-49D4-B233-A29F663F329C}"
EndProject
Project("{2150E333-8FDC-42A3-9474-1A3956D46DE8}") = "Core", "Core", "{1D03CC7E-3046-4705-8E2B-2E8A238B5E78}"
EndProject
Project("{2150E333-8FDC-42A3-9474-1A3956D46DE8}") = "Solution Items", "Solution Items", "{E2E05C47-4C58-4406-9682-3ABB2FCC9325}"
	ProjectSection(SolutionItems) = preProject
		.gitignore = .gitignore
		README.md = README.md
	EndProjectSection
EndProject
Project("{9A19103F-16F7-4668-BE54-9A1E7A4F7556}") = "FIP.Core", "src\FIP.Core\FIP.Core.csproj", "{79CBE5DC-9AE0-4182-882E-FC3D832C0156}"
EndProject
Project("{FAE04EC0-301F-11D3-BF4B-00C04F79EFBC}") = "FIP.Core.UnitTests", "src\FIP.Core.UnitTests\FIP.Core.UnitTests.csproj", "{14456154-7FBE-4AC1-96F2-B775991CD5B3}"
EndProject
Global
	GlobalSection(SolutionConfigurationPlatforms) = preSolution
		Debug|Any CPU = Debug|Any CPU
		Debug|ARM64 = Debug|ARM64
		Debug|x64 = Debug|x64
		Debug|x86 = Debug|x86
		Release|Any CPU = Release|Any CPU
		Release|ARM64 = Release|ARM64
		Release|x64 = Release|x64
		Release|x86 = Release|x86
	EndGlobalSection
	GlobalSection(ProjectConfigurationPlatforms) = postSolution
		{2FECFB3A-DA6E-4C0D-A3AD-DFAC9D673BBC}.Debug|Any CPU.ActiveCfg = Debug|x64
		{2FECFB3A-DA6E-4C0D-A3AD-DFAC9D673BBC}.Debug|Any CPU.Build.0 = Debug|x64
		{2FECFB3A-DA6E-4C0D-A3AD-DFAC9D673BBC}.Debug|ARM64.ActiveCfg = Debug|ARM64
		{2FECFB3A-DA6E-4C0D-A3AD-DFAC9D673BBC}.Debug|ARM64.Build.0 = Debug|ARM64
		{2FECFB3A-DA6E-4C0D-A3AD-DFAC9D673BBC}.Debug|x64.ActiveCfg = Debug|x64
		{2FECFB3A-DA6E-4C0D-A3AD-DFAC9D673BBC}.Debug|x64.Build.0 = Debug|x64
		{2FECFB3A-DA6E-4C0D-A3AD-DFAC9D673BBC}.Debug|x86.ActiveCfg = Debug|x86
		{2FECFB3A-DA6E-4C0D-A3AD-DFAC9D673BBC}.Debug|x86.Build.0 = Debug|x86
		{2FECFB3A-DA6E-4C0D-A3AD-DFAC9D673BBC}.Release|Any CPU.ActiveCfg = Release|x64
		{2FECFB3A-DA6E-4C0D-A3AD-DFAC9D673BBC}.Release|Any CPU.Build.0 = Release|x64
		{2FECFB3A-DA6E-4C0D-A3AD-DFAC9D673BBC}.Release|ARM64.ActiveCfg = Release|ARM64
		{2FECFB3A-DA6E-4C0D-A3AD-DFAC9D673BBC}.Release|ARM64.Build.0 = Release|ARM64
		{2FECFB3A-DA6E-4C0D-A3AD-DFAC9D673BBC}.Release|x64.ActiveCfg = Release|x64
		{2FECFB3A-DA6E-4C0D-A3AD-DFAC9D673BBC}.Release|x64.Build.0 = Release|x64
		{2FECFB3A-DA6E-4C0D-A3AD-DFAC9D673BBC}.Release|x86.ActiveCfg = Release|x86
		{2FECFB3A-DA6E-4C0D-A3AD-DFAC9D673BBC}.Release|x86.Build.0 = Release|x86
		{A96C7535-FB23-472C-AB4D-7CA2B52B8043}.Debug|Any CPU.ActiveCfg = Debug|x64
		{A96C7535-FB23-472C-AB4D-7CA2B52B8043}.Debug|Any CPU.Build.0 = Debug|x64
		{A96C7535-FB23-472C-AB4D-7CA2B52B8043}.Debug|Any CPU.Deploy.0 = Debug|x64
		{A96C7535-FB23-472C-AB4D-7CA2B52B8043}.Debug|ARM64.ActiveCfg = Debug|ARM64
		{A96C7535-FB23-472C-AB4D-7CA2B52B8043}.Debug|ARM64.Build.0 = Debug|ARM64
		{A96C7535-FB23-472C-AB4D-7CA2B52B8043}.Debug|ARM64.Deploy.0 = Debug|ARM64
		{A96C7535-FB23-472C-AB4D-7CA2B52B8043}.Debug|x64.ActiveCfg = Debug|x64
		{A96C7535-FB23-472C-AB4D-7CA2B52B8043}.Debug|x64.Build.0 = Debug|x64
		{A96C7535-FB23-472C-AB4D-7CA2B52B8043}.Debug|x64.Deploy.0 = Debug|x64
		{A96C7535-FB23-472C-AB4D-7CA2B52B8043}.Debug|x86.ActiveCfg = Debug|x86
		{A96C7535-FB23-472C-AB4D-7CA2B52B8043}.Debug|x86.Build.0 = Debug|x86
		{A96C7535-FB23-472C-AB4D-7CA2B52B8043}.Debug|x86.Deploy.0 = Debug|x86
		{A96C7535-FB23-472C-AB4D-7CA2B52B8043}.Release|Any CPU.ActiveCfg = Release|x64
		{A96C7535-FB23-472C-AB4D-7CA2B52B8043}.Release|Any CPU.Build.0 = Release|x64
		{A96C7535-FB23-472C-AB4D-7CA2B52B8043}.Release|Any CPU.Deploy.0 = Release|x64
		{A96C7535-FB23-472C-AB4D-7CA2B52B8043}.Release|ARM64.ActiveCfg = Release|ARM64
		{A96C7535-FB23-472C-AB4D-7CA2B52B8043}.Release|ARM64.Build.0 = Release|ARM64
		{A96C7535-FB23-472C-AB4D-7CA2B52B8043}.Release|ARM64.Deploy.0 = Release|ARM64
		{A96C7535-FB23-472C-AB4D-7CA2B52B8043}.Release|x64.ActiveCfg = Release|x64
		{A96C7535-FB23-472C-AB4D-7CA2B52B8043}.Release|x64.Build.0 = Release|x64
		{A96C7535-FB23-472C-AB4D-7CA2B52B8043}.Release|x64.Deploy.0 = Release|x64
		{A96C7535-FB23-472C-AB4D-7CA2B52B8043}.Release|x86.ActiveCfg = Release|x86
		{A96C7535-FB23-472C-AB4D-7CA2B52B8043}.Release|x86.Build.0 = Release|x86
		{A96C7535-FB23-472C-AB4D-7CA2B52B8043}.Release|x86.Deploy.0 = Release|x86
		{8F264FBF-EA5A-4B25-A509-6CA7D27D05EC}.Debug|Any CPU.ActiveCfg = Debug|Any CPU
		{8F264FBF-EA5A-4B25-A509-6CA7D27D05EC}.Debug|Any CPU.Build.0 = Debug|Any CPU
		{8F264FBF-EA5A-4B25-A509-6CA7D27D05EC}.Debug|ARM64.ActiveCfg = Debug|Any CPU
		{8F264FBF-EA5A-4B25-A509-6CA7D27D05EC}.Debug|ARM64.Build.0 = Debug|Any CPU
		{8F264FBF-EA5A-4B25-A509-6CA7D27D05EC}.Debug|x64.ActiveCfg = Debug|x64
		{8F264FBF-EA5A-4B25-A509-6CA7D27D05EC}.Debug|x64.Build.0 = Debug|x64
		{8F264FBF-EA5A-4B25-A509-6CA7D27D05EC}.Debug|x86.ActiveCfg = Debug|Any CPU
		{8F264FBF-EA5A-4B25-A509-6CA7D27D05EC}.Debug|x86.Build.0 = Debug|Any CPU
		{8F264FBF-EA5A-4B25-A509-6CA7D27D05EC}.Release|Any CPU.ActiveCfg = Release|Any CPU
		{8F264FBF-EA5A-4B25-A509-6CA7D27D05EC}.Release|Any CPU.Build.0 = Release|Any CPU
		{8F264FBF-EA5A-4B25-A509-6CA7D27D05EC}.Release|ARM64.ActiveCfg = Release|Any CPU
		{8F264FBF-EA5A-4B25-A509-6CA7D27D05EC}.Release|ARM64.Build.0 = Release|Any CPU
		{8F264FBF-EA5A-4B25-A509-6CA7D27D05EC}.Release|x64.ActiveCfg = Release|Any CPU
		{8F264FBF-EA5A-4B25-A509-6CA7D27D05EC}.Release|x64.Build.0 = Release|Any CPU
		{8F264FBF-EA5A-4B25-A509-6CA7D27D05EC}.Release|x86.ActiveCfg = Release|Any CPU
		{8F264FBF-EA5A-4B25-A509-6CA7D27D05EC}.Release|x86.Build.0 = Release|Any CPU
		{79CBE5DC-9AE0-4182-882E-FC3D832C0156}.Debug|Any CPU.ActiveCfg = Debug|Any CPU
		{79CBE5DC-9AE0-4182-882E-FC3D832C0156}.Debug|Any CPU.Build.0 = Debug|Any CPU
		{79CBE5DC-9AE0-4182-882E-FC3D832C0156}.Debug|ARM64.ActiveCfg = Debug|Any CPU
		{79CBE5DC-9AE0-4182-882E-FC3D832C0156}.Debug|ARM64.Build.0 = Debug|Any CPU
		{79CBE5DC-9AE0-4182-882E-FC3D832C0156}.Debug|x64.ActiveCfg = Debug|x64
		{79CBE5DC-9AE0-4182-882E-FC3D832C0156}.Debug|x64.Build.0 = Debug|x64
		{79CBE5DC-9AE0-4182-882E-FC3D832C0156}.Debug|x86.ActiveCfg = Debug|Any CPU
		{79CBE5DC-9AE0-4182-882E-FC3D832C0156}.Debug|x86.Build.0 = Debug|Any CPU
		{79CBE5DC-9AE0-4182-882E-FC3D832C0156}.Release|Any CPU.ActiveCfg = Release|Any CPU
		{79CBE5DC-9AE0-4182-882E-FC3D832C0156}.Release|Any CPU.Build.0 = Release|Any CPU
		{79CBE5DC-9AE0-4182-882E-FC3D832C0156}.Release|ARM64.ActiveCfg = Release|Any CPU
		{79CBE5DC-9AE0-4182-882E-FC3D832C0156}.Release|ARM64.Build.0 = Release|Any CPU
		{79CBE5DC-9AE0-4182-882E-FC3D832C0156}.Release|x64.ActiveCfg = Release|Any CPU
		{79CBE5DC-9AE0-4182-882E-FC3D832C0156}.Release|x64.Build.0 = Release|Any CPU
		{79CBE5DC-9AE0-4182-882E-FC3D832C0156}.Release|x86.ActiveCfg = Release|Any CPU
		{79CBE5DC-9AE0-4182-882E-FC3D832C0156}.Release|x86.Build.0 = Release|Any CPU
		{14456154-7FBE-4AC1-96F2-B775991CD5B3}.Debug|Any CPU.ActiveCfg = Debug|Any CPU
		{14456154-7FBE-4AC1-96F2-B775991CD5B3}.Debug|Any CPU.Build.0 = Debug|Any CPU
		{14456154-7FBE-4AC1-96F2-B775991CD5B3}.Debug|ARM64.ActiveCfg = Debug|Any CPU
		{14456154-7FBE-4AC1-96F2-B775991CD5B3}.Debug|ARM64.Build.0 = Debug|Any CPU
		{14456154-7FBE-4AC1-96F2-B775991CD5B3}.Debug|x64.ActiveCfg = Debug|x64
		{14456154-7FBE-4AC1-96F2-B775991CD5B3}.Debug|x64.Build.0 = Debug|x64
		{14456154-7FBE-4AC1-96F2-B775991CD5B3}.Debug|x86.ActiveCfg = Debug|Any CPU
		{14456154-7FBE-4AC1-96F2-B775991CD5B3}.Debug|x86.Build.0 = Debug|Any CPU
		{14456154-7FBE-4AC1-96F2-B775991CD5B3}.Release|Any CPU.ActiveCfg = Release|Any CPU
		{14456154-7FBE-4AC1-96F2-B775991CD5B3}.Release|Any CPU.Build.0 = Release|Any CPU
		{14456154-7FBE-4AC1-96F2-B775991CD5B3}.Release|ARM64.ActiveCfg = Release|Any CPU
		{14456154-7FBE-4AC1-96F2-B775991CD5B3}.Release|ARM64.Build.0 = Release|Any CPU
		{14456154-7FBE-4AC1-96F2-B775991CD5B3}.Release|x64.ActiveCfg = Release|Any CPU
		{14456154-7FBE-4AC1-96F2-B775991CD5B3}.Release|x64.Build.0 = Release|Any CPU
		{14456154-7FBE-4AC1-96F2-B775991CD5B3}.Release|x86.ActiveCfg = Release|Any CPU
		{14456154-7FBE-4AC1-96F2-B775991CD5B3}.Release|x86.Build.0 = Release|Any CPU
	EndGlobalSection
	GlobalSection(SolutionProperties) = preSolution
		HideSolutionNode = FALSE
	EndGlobalSection
	GlobalSection(NestedProjects) = preSolution
		{2FECFB3A-DA6E-4C0D-A3AD-DFAC9D673BBC} = {00DB88A8-94D5-4DC5-AB2D-83026491F721}
		{A96C7535-FB23-472C-AB4D-7CA2B52B8043} = {00DB88A8-94D5-4DC5-AB2D-83026491F721}
		{8F264FBF-EA5A-4B25-A509-6CA7D27D05EC} = {00DB88A8-94D5-4DC5-AB2D-83026491F721}
		{00DB88A8-94D5-4DC5-AB2D-83026491F721} = {53A0D425-5651-460A-803E-C6EA7EE9E492}
		{1D03CC7E-3046-4705-8E2B-2E8A238B5E78} = {53A0D425-5651-460A-803E-C6EA7EE9E492}
		{79CBE5DC-9AE0-4182-882E-FC3D832C0156} = {1D03CC7E-3046-4705-8E2B-2E8A238B5E78}
		{14456154-7FBE-4AC1-96F2-B775991CD5B3} = {7DDFBA48-A063-49D4-B233-A29F663F329C}
	EndGlobalSection
	GlobalSection(ExtensibilityGlobals) = postSolution
		SolutionGuid = {7A51DDBB-C4A2-44E3-B476-73B32DE17720}
	EndGlobalSection
EndGlobal
