
Microsoft Visual Studio Solution File, Format Version 12.00
# Visual Studio Version 17
VisualStudioVersion = 17.0.32014.148
MinimumVisualStudioVersion = 10.0.40219.1
Project("{2150E333-8FDC-42A3-9474-1A3956D46DE8}") = "Core", "Core", "{5202B912-00E7-4D96-8993-1408DF3A7A78}"
EndProject
Project("{9A19103F-16F7-4668-BE54-9A1E7A4F7556}") = "Application", "Application\Application.csproj", "{BE1BE7D5-3FED-4A0E-B94C-32A8EDD78760}"
EndProject
Project("{9A19103F-16F7-4668-BE54-9A1E7A4F7556}") = "Domain", "Domain\Domain.csproj", "{6CBDF933-EE71-486A-8108-E05B5E1B19DA}"
EndProject
Project("{2150E333-8FDC-42A3-9474-1A3956D46DE8}") = "Infrastructure", "Infrastructure", "{526D8A78-B138-4BCC-81F0-DD6E132EED19}"
EndProject
Project("{9A19103F-16F7-4668-BE54-9A1E7A4F7556}") = "Infrastructure", "Infrastructure\Infrastructure.csproj", "{17E4D172-0852-40D5-BF6F-8901EED7A642}"
EndProject
Project("{2150E333-8FDC-42A3-9474-1A3956D46DE8}") = "Shared", "Shared", "{E4DA8C7E-74BB-4A56-86AC-4494285EF103}"
EndProject
Project("{9A19103F-16F7-4668-BE54-9A1E7A4F7556}") = "Shared", "Shared\Shared.csproj", "{948FC65E-6D34-4D65-B1CE-3A6A8AE6F457}"
EndProject
Project("{2150E333-8FDC-42A3-9474-1A3956D46DE8}") = "Web", "Web", "{C8501B36-FC1C-4440-B206-473E90EA58DF}"
EndProject
Project("{2150E333-8FDC-42A3-9474-1A3956D46DE8}") = "Client", "Client", "{332CEDBC-07DE-470C-A243-AD3242362E53}"
EndProject
Project("{9A19103F-16F7-4668-BE54-9A1E7A4F7556}") = "Client.Infrastructure", "Client.Infrastructure\Client.Infrastructure.csproj", "{7AA14A92-9743-41A7-88EF-35BA25BBB4AB}"
EndProject
Project("{9A19103F-16F7-4668-BE54-9A1E7A4F7556}") = "Client", "Client\Client.csproj", "{92B97904-9EF1-4879-89D3-1997F0689BEF}"
EndProject
Global
	GlobalSection(SolutionConfigurationPlatforms) = preSolution
		Debug|Any CPU = Debug|Any CPU
		Release|Any CPU = Release|Any CPU
	EndGlobalSection
	GlobalSection(ProjectConfigurationPlatforms) = postSolution
		{BE1BE7D5-3FED-4A0E-B94C-32A8EDD78760}.Debug|Any CPU.ActiveCfg = Debug|Any CPU
		{BE1BE7D5-3FED-4A0E-B94C-32A8EDD78760}.Debug|Any CPU.Build.0 = Debug|Any CPU
		{BE1BE7D5-3FED-4A0E-B94C-32A8EDD78760}.Release|Any CPU.ActiveCfg = Release|Any CPU
		{BE1BE7D5-3FED-4A0E-B94C-32A8EDD78760}.Release|Any CPU.Build.0 = Release|Any CPU
		{6CBDF933-EE71-486A-8108-E05B5E1B19DA}.Debug|Any CPU.ActiveCfg = Debug|Any CPU
		{6CBDF933-EE71-486A-8108-E05B5E1B19DA}.Debug|Any CPU.Build.0 = Debug|Any CPU
		{6CBDF933-EE71-486A-8108-E05B5E1B19DA}.Release|Any CPU.ActiveCfg = Release|Any CPU
		{6CBDF933-EE71-486A-8108-E05B5E1B19DA}.Release|Any CPU.Build.0 = Release|Any CPU
		{17E4D172-0852-40D5-BF6F-8901EED7A642}.Debug|Any CPU.ActiveCfg = Debug|Any CPU
		{17E4D172-0852-40D5-BF6F-8901EED7A642}.Debug|Any CPU.Build.0 = Debug|Any CPU
		{17E4D172-0852-40D5-BF6F-8901EED7A642}.Release|Any CPU.ActiveCfg = Release|Any CPU
		{17E4D172-0852-40D5-BF6F-8901EED7A642}.Release|Any CPU.Build.0 = Release|Any CPU
		{948FC65E-6D34-4D65-B1CE-3A6A8AE6F457}.Debug|Any CPU.ActiveCfg = Debug|Any CPU
		{948FC65E-6D34-4D65-B1CE-3A6A8AE6F457}.Debug|Any CPU.Build.0 = Debug|Any CPU
		{948FC65E-6D34-4D65-B1CE-3A6A8AE6F457}.Release|Any CPU.ActiveCfg = Release|Any CPU
		{948FC65E-6D34-4D65-B1CE-3A6A8AE6F457}.Release|Any CPU.Build.0 = Release|Any CPU
		{7AA14A92-9743-41A7-88EF-35BA25BBB4AB}.Debug|Any CPU.ActiveCfg = Debug|Any CPU
		{7AA14A92-9743-41A7-88EF-35BA25BBB4AB}.Debug|Any CPU.Build.0 = Debug|Any CPU
		{7AA14A92-9743-41A7-88EF-35BA25BBB4AB}.Release|Any CPU.ActiveCfg = Release|Any CPU
		{7AA14A92-9743-41A7-88EF-35BA25BBB4AB}.Release|Any CPU.Build.0 = Release|Any CPU
		{92B97904-9EF1-4879-89D3-1997F0689BEF}.Debug|Any CPU.ActiveCfg = Debug|Any CPU
		{92B97904-9EF1-4879-89D3-1997F0689BEF}.Debug|Any CPU.Build.0 = Debug|Any CPU
		{92B97904-9EF1-4879-89D3-1997F0689BEF}.Release|Any CPU.ActiveCfg = Release|Any CPU
		{92B97904-9EF1-4879-89D3-1997F0689BEF}.Release|Any CPU.Build.0 = Release|Any CPU
	EndGlobalSection
	GlobalSection(SolutionProperties) = preSolution
		HideSolutionNode = FALSE
	EndGlobalSection
	GlobalSection(NestedProjects) = preSolution
		{BE1BE7D5-3FED-4A0E-B94C-32A8EDD78760} = {5202B912-00E7-4D96-8993-1408DF3A7A78}
		{6CBDF933-EE71-486A-8108-E05B5E1B19DA} = {5202B912-00E7-4D96-8993-1408DF3A7A78}
		{17E4D172-0852-40D5-BF6F-8901EED7A642} = {526D8A78-B138-4BCC-81F0-DD6E132EED19}
		{948FC65E-6D34-4D65-B1CE-3A6A8AE6F457} = {E4DA8C7E-74BB-4A56-86AC-4494285EF103}
		{332CEDBC-07DE-470C-A243-AD3242362E53} = {C8501B36-FC1C-4440-B206-473E90EA58DF}
		{7AA14A92-9743-41A7-88EF-35BA25BBB4AB} = {332CEDBC-07DE-470C-A243-AD3242362E53}
		{92B97904-9EF1-4879-89D3-1997F0689BEF} = {332CEDBC-07DE-470C-A243-AD3242362E53}
	EndGlobalSection
	GlobalSection(ExtensibilityGlobals) = postSolution
		SolutionGuid = {7A51DDBB-C4A2-44E3-B476-73B32DE17720}
	EndGlobalSection
EndGlobal
